
Microsoft Visual Studio Solution File, Format Version 12.00
# Visual Studio Version 16
VisualStudioVersion = 16.0.31911.196
MinimumVisualStudioVersion = 10.0.40219.1
Project("{FAE04EC0-301F-11D3-BF4B-00C04F79EFBC}") = "BackCarShop", "BackCarShop\BackCarShop.csproj", "{FBA2C272-C002-4E53-8FC1-7C4E746F362F}"
EndProject
Global
	GlobalSection(SolutionConfigurationPlatforms) = preSolution
		Debug|Any CPU = Debug|Any CPU
		Release|Any CPU = Release|Any CPU
	EndGlobalSection
	GlobalSection(ProjectConfigurationPlatforms) = postSolution
		{FBA2C272-C002-4E53-8FC1-7C4E746F362F}.Debug|Any CPU.ActiveCfg = Debug|Any CPU
		{FBA2C272-C002-4E53-8FC1-7C4E746F362F}.Debug|Any CPU.Build.0 = Debug|Any CPU
		{FBA2C272-C002-4E53-8FC1-7C4E746F362F}.Release|Any CPU.ActiveCfg = Release|Any CPU
		{FBA2C272-C002-4E53-8FC1-7C4E746F362F}.Release|Any CPU.Build.0 = Release|Any CPU
	EndGlobalSection
	GlobalSection(SolutionProperties) = preSolution
		HideSolutionNode = FALSE
	EndGlobalSection
	GlobalSection(ExtensibilityGlobals) = postSolution
		SolutionGuid = {8C468755-690F-46F0-8F65-501FAD449596}
	EndGlobalSection
EndGlobal
